{
  "originHash" : "15d00475cf304c3eb95612b17fa3be712695627a19d2dd7e3f5552447ddeb958",
  "pins" : [
    {
      "identity" : "taglistview",
      "kind" : "remoteSourceControl",
      "location" : "https://github.com/ElaWorkshop/TagListView.git",
      "state" : {
        "revision" : "b30b61826736f4d9ec04aef5df891f3914423f16",
        "version" : "1.4.1"
      }
    }
  ],
  "version" : 3
}
